
Microsoft Visual Studio Solution File, Format Version 12.00
# Visual Studio Version 17
VisualStudioVersion = 17.6.33712.159
MinimumVisualStudioVersion = 10.0.40219.1
Project("{FAE04EC0-301F-11D3-BF4B-00C04F79EFBC}") = "MsiLib", "MsiLib\MsiLib.csproj", "{503C2FA1-00EC-4165-A8E6-AC0EFA345E5B}"
EndProject
Global
	GlobalSection(SolutionConfigurationPlatforms) = preSolution
		Debug|Any CPU = Debug|Any CPU
		Release|Any CPU = Release|Any CPU
	EndGlobalSection
	GlobalSection(ProjectConfigurationPlatforms) = postSolution
		{503C2FA1-00EC-4165-A8E6-AC0EFA345E5B}.Debug|Any CPU.ActiveCfg = Debug|Any CPU
		{503C2FA1-00EC-4165-A8E6-AC0EFA345E5B}.Debug|Any CPU.Build.0 = Debug|Any CPU
		{503C2FA1-00EC-4165-A8E6-AC0EFA345E5B}.Release|Any CPU.ActiveCfg = Release|Any CPU
		{503C2FA1-00EC-4165-A8E6-AC0EFA345E5B}.Release|Any CPU.Build.0 = Release|Any CPU
	EndGlobalSection
	GlobalSection(SolutionProperties) = preSolution
		HideSolutionNode = FALSE
	EndGlobalSection
	GlobalSection(ExtensibilityGlobals) = postSolution
		SolutionGuid = {1C92EBB2-424E-4CA2-BBB2-E3EEF71AF8BE}
	EndGlobalSection
EndGlobal
